github.com/rendis/orderedmap v0.1.0 h1:Ki/Q9wkg7Yzp1cX2xk+ZtmP8VXd24xAGrpmW+WjMIrY=
github.com/rendis/orderedmap v0.1.0/go.mod h1:Yqj36W9NrlPuACoSaSGZ2BQbtY5qxOQ/a334DC9ucFw=
github.com/rendis/orderedmap v0.2.0 h1:4m6s/HgbO8WQT13GxGT7E5535wB/n+zq93AOqoBkqCw=
github.com/rendis/orderedmap v0.2.0/go.mod h1:Yqj36W9NrlPuACoSaSGZ2BQbtY5qxOQ/a334DC9ucFw=
github.com/rendis/orderedmap v0.2.1 h1:iR+HXqGcSrU8gdOKPJL/QEp1FatNbT3vJ6IodWUS8YU=
github.com/rendis/orderedmap v0.2.1/go.mod h1:Yqj36W9NrlPuACoSaSGZ2BQbtY5qxOQ/a334DC9ucFw=
github.com/rendis/orderedmap v0.2.2 h1:2IxVaDYxy6rZe0KeWAAI4DN8SxKBYIHX7wDZ2QL+ync=
github.com/rendis/orderedmap v0.2.2/go.mod h1:Yqj36W9NrlPuACoSaSGZ2BQbtY5qxOQ/a334DC9ucFw=
github.com/rendis/orderedmap v0.2.3 h1:Q7BGFKYRQ21RtOIk5UfIPvZo0o44nkL/fHxRwgc/X9E=
github.com/rendis/orderedmap v0.2.3/go.mod h1:Yqj36W9NrlPuACoSaSGZ2BQbtY5qxOQ/a334DC9ucFw=
github.com/rendis/orderedmap v0.2.4 h1:mK7bSs30Xw+BBUHa8oor6qG0rbPB+HjuVZN3xXqr5j0=
github.com/rendis/orderedmap v0.2.4/go.mod h1:Yqj36W9NrlPuACoSaSGZ2BQbtY5qxOQ/a334DC9ucFw=
github.com/rendis/orderedmap v0.3.0 h1:bUAqwKGrcLrfq2nL8pn09Q+/ZMz2rots8Jo4kotFejE=
github.com/rendis/orderedmap v0.3.0/go.mod h1:Yqj36W9NrlPuACoSaSGZ2BQbtY5qxOQ/a334DC9ucFw=
github.com/rendis/orderedmap v0.4.0 h1:9jVzjs6DAS66mza45AOPlYTpSWX+mwR4bevpXBWF2QY=
github.com/rendis/orderedmap v0.4.0/go.mod h1:Yqj36W9NrlPuACoSaSGZ2BQbtY5qxOQ/a334DC9ucFw=
gopkg.in/check.v1 v0.0.0-20161208181325-20d25e280405 h1:yhCVgyC4o1eVCa2tZl7eS0r+SDo693bJlVdllGtEeKM=
gopkg.in/check.v1 v0.0.0-20161208181325-20d25e280405/go.mod h1:Co6ibVJAznAaIkqp8huTwlJQCZ016jof/cbN4VW5Yz0=
gopkg.in/yaml.v3 v3.0.0-20210107192922-496545a6307b h1:h8qDotaEPuJATrMmW04NCwg7v22aHH28wwpauUhK9Oo=
gopkg.in/yaml.v3 v3.0.0-20210107192922-496545a6307b/go.mod h1:K4uyk7z7BCEPqu6E+C64Yfv1cQ7kz7rIZviUmN+EgEM=
